
Microsoft Visual Studio Solution File, Format Version 12.00
# Visual Studio Version 16
VisualStudioVersion = 16.0.30114.105
MinimumVisualStudioVersion = 10.0.40219.1
Project("{2150E333-8FDC-42A3-9474-1A3956D46DE8}") = "src", "src", "{05A9FD7D-71F1-4C0A-97F4-D4A271DAC67A}"
EndProject
Project("{FAE04EC0-301F-11D3-BF4B-00C04F79EFBC}") = "Faf", "src\Faf\Faf.csproj", "{9830D055-0978-46A7-B0B9-D896651CDAD3}"
EndProject
Project("{2150E333-8FDC-42A3-9474-1A3956D46DE8}") = "tests", "tests", "{A13D828D-39BB-4BD3-82A8-F00985D4E901}"
EndProject
Project("{FAE04EC0-301F-11D3-BF4B-00C04F79EFBC}") = "Faf.Tests", "tests\Faf.Tests\Faf.Tests.csproj", "{2FA9386C-11F1-4C71-BE81-553115B69D4A}"
EndProject
Project("{FAE04EC0-301F-11D3-BF4B-00C04F79EFBC}") = "Faf.Benchmarks", "tests\Faf.Benchmarks\Faf.Benchmarks.csproj", "{E2D66F4A-81E9-44B0-B292-D309D44F1EDA}"
EndProject
Global
	GlobalSection(SolutionConfigurationPlatforms) = preSolution
		Debug|Any CPU = Debug|Any CPU
		Release|Any CPU = Release|Any CPU
	EndGlobalSection
	GlobalSection(SolutionProperties) = preSolution
		HideSolutionNode = FALSE
	EndGlobalSection
	GlobalSection(ProjectConfigurationPlatforms) = postSolution
		{9830D055-0978-46A7-B0B9-D896651CDAD3}.Debug|Any CPU.ActiveCfg = Debug|Any CPU
		{9830D055-0978-46A7-B0B9-D896651CDAD3}.Debug|Any CPU.Build.0 = Debug|Any CPU
		{9830D055-0978-46A7-B0B9-D896651CDAD3}.Release|Any CPU.ActiveCfg = Release|Any CPU
		{9830D055-0978-46A7-B0B9-D896651CDAD3}.Release|Any CPU.Build.0 = Release|Any CPU
		{2FA9386C-11F1-4C71-BE81-553115B69D4A}.Debug|Any CPU.ActiveCfg = Debug|Any CPU
		{2FA9386C-11F1-4C71-BE81-553115B69D4A}.Debug|Any CPU.Build.0 = Debug|Any CPU
		{2FA9386C-11F1-4C71-BE81-553115B69D4A}.Release|Any CPU.ActiveCfg = Release|Any CPU
		{2FA9386C-11F1-4C71-BE81-553115B69D4A}.Release|Any CPU.Build.0 = Release|Any CPU
		{E2D66F4A-81E9-44B0-B292-D309D44F1EDA}.Debug|Any CPU.ActiveCfg = Debug|Any CPU
		{E2D66F4A-81E9-44B0-B292-D309D44F1EDA}.Debug|Any CPU.Build.0 = Debug|Any CPU
		{E2D66F4A-81E9-44B0-B292-D309D44F1EDA}.Release|Any CPU.ActiveCfg = Release|Any CPU
		{E2D66F4A-81E9-44B0-B292-D309D44F1EDA}.Release|Any CPU.Build.0 = Release|Any CPU
	EndGlobalSection
	GlobalSection(NestedProjects) = preSolution
		{9830D055-0978-46A7-B0B9-D896651CDAD3} = {05A9FD7D-71F1-4C0A-97F4-D4A271DAC67A}
		{2FA9386C-11F1-4C71-BE81-553115B69D4A} = {A13D828D-39BB-4BD3-82A8-F00985D4E901}
		{E2D66F4A-81E9-44B0-B292-D309D44F1EDA} = {A13D828D-39BB-4BD3-82A8-F00985D4E901}
	EndGlobalSection
EndGlobal
