
Microsoft Visual Studio Solution File, Format Version 12.00
# Visual Studio Version 17
VisualStudioVersion = 17.2.32630.192
MinimumVisualStudioVersion = 10.0.40219.1
Project("{2150E333-8FDC-42A3-9474-1A3956D46DE8}") = "src", "src", "{05A9FD7D-71F1-4C0A-97F4-D4A271DAC67A}"
EndProject
Project("{2150E333-8FDC-42A3-9474-1A3956D46DE8}") = "tests", "tests", "{A13D828D-39BB-4BD3-82A8-F00985D4E901}"
EndProject
Project("{9A19103F-16F7-4668-BE54-9A1E7A4F7556}") = "FOF", "src\FOF\FOF.csproj", "{4B3A4C75-37E4-4149-BC0C-0284D78AD877}"
EndProject
Project("{9A19103F-16F7-4668-BE54-9A1E7A4F7556}") = "FOF.Tests", "tests\FOF.Tests\FOF.Tests.csproj", "{F8BF56E8-871B-4373-B1E1-1CCF034652B7}"
EndProject
Project("{9A19103F-16F7-4668-BE54-9A1E7A4F7556}") = "FOF.Benchmarks", "tests\FOF.Benchmarks\FOF.Benchmarks.csproj", "{BA202ACE-2CB5-4452-8279-0054EA9612DE}"
EndProject
Project("{9A19103F-16F7-4668-BE54-9A1E7A4F7556}") = "FOF.TestSamples", "tests\FOF.TestSamples\FOF.TestSamples.csproj", "{17F6DC81-C3A2-4E3A-9480-740EB369904F}"
EndProject
Global
	GlobalSection(SolutionConfigurationPlatforms) = preSolution
		Debug|Any CPU = Debug|Any CPU
		Release|Any CPU = Release|Any CPU
	EndGlobalSection
	GlobalSection(ProjectConfigurationPlatforms) = postSolution
		{4B3A4C75-37E4-4149-BC0C-0284D78AD877}.Debug|Any CPU.ActiveCfg = Debug|Any CPU
		{4B3A4C75-37E4-4149-BC0C-0284D78AD877}.Debug|Any CPU.Build.0 = Debug|Any CPU
		{4B3A4C75-37E4-4149-BC0C-0284D78AD877}.Release|Any CPU.ActiveCfg = Release|Any CPU
		{4B3A4C75-37E4-4149-BC0C-0284D78AD877}.Release|Any CPU.Build.0 = Release|Any CPU
		{F8BF56E8-871B-4373-B1E1-1CCF034652B7}.Debug|Any CPU.ActiveCfg = Debug|Any CPU
		{F8BF56E8-871B-4373-B1E1-1CCF034652B7}.Debug|Any CPU.Build.0 = Debug|Any CPU
		{F8BF56E8-871B-4373-B1E1-1CCF034652B7}.Release|Any CPU.ActiveCfg = Release|Any CPU
		{F8BF56E8-871B-4373-B1E1-1CCF034652B7}.Release|Any CPU.Build.0 = Release|Any CPU
		{BA202ACE-2CB5-4452-8279-0054EA9612DE}.Debug|Any CPU.ActiveCfg = Debug|Any CPU
		{BA202ACE-2CB5-4452-8279-0054EA9612DE}.Debug|Any CPU.Build.0 = Debug|Any CPU
		{BA202ACE-2CB5-4452-8279-0054EA9612DE}.Release|Any CPU.ActiveCfg = Release|Any CPU
		{BA202ACE-2CB5-4452-8279-0054EA9612DE}.Release|Any CPU.Build.0 = Release|Any CPU
		{17F6DC81-C3A2-4E3A-9480-740EB369904F}.Debug|Any CPU.ActiveCfg = Debug|Any CPU
		{17F6DC81-C3A2-4E3A-9480-740EB369904F}.Debug|Any CPU.Build.0 = Debug|Any CPU
		{17F6DC81-C3A2-4E3A-9480-740EB369904F}.Release|Any CPU.ActiveCfg = Release|Any CPU
		{17F6DC81-C3A2-4E3A-9480-740EB369904F}.Release|Any CPU.Build.0 = Release|Any CPU
	EndGlobalSection
	GlobalSection(SolutionProperties) = preSolution
		HideSolutionNode = FALSE
	EndGlobalSection
	GlobalSection(NestedProjects) = preSolution
		{4B3A4C75-37E4-4149-BC0C-0284D78AD877} = {05A9FD7D-71F1-4C0A-97F4-D4A271DAC67A}
		{F8BF56E8-871B-4373-B1E1-1CCF034652B7} = {A13D828D-39BB-4BD3-82A8-F00985D4E901}
		{BA202ACE-2CB5-4452-8279-0054EA9612DE} = {A13D828D-39BB-4BD3-82A8-F00985D4E901}
		{17F6DC81-C3A2-4E3A-9480-740EB369904F} = {A13D828D-39BB-4BD3-82A8-F00985D4E901}
	EndGlobalSection
	GlobalSection(ExtensibilityGlobals) = postSolution
		SolutionGuid = {9CE369DC-B4F1-4481-B9A2-D38BF9409424}
	EndGlobalSection
EndGlobal
